
Microsoft Visual Studio Solution File, Format Version 12.00
# Visual Studio Version 17
VisualStudioVersion = 17.14.36518.9 d17.14
MinimumVisualStudioVersion = 10.0.40219.1
Project("{FAE04EC0-301F-11D3-BF4B-00C04F79EFBC}") = "CREC_WebViewer", "CREC_WebViewer.csproj", "{D94090A7-AA4F-E890-F53D-F0FE30B587F7}"
EndProject
Global
	GlobalSection(SolutionConfigurationPlatforms) = preSolution
		Debug|Any CPU = Debug|Any CPU
		Release|Any CPU = Release|Any CPU
	EndGlobalSection
	GlobalSection(ProjectConfigurationPlatforms) = postSolution
		{D94090A7-AA4F-E890-F53D-F0FE30B587F7}.Debug|Any CPU.ActiveCfg = Debug|Any CPU
		{D94090A7-AA4F-E890-F53D-F0FE30B587F7}.Debug|Any CPU.Build.0 = Debug|Any CPU
		{D94090A7-AA4F-E890-F53D-F0FE30B587F7}.Release|Any CPU.ActiveCfg = Release|Any CPU
		{D94090A7-AA4F-E890-F53D-F0FE30B587F7}.Release|Any CPU.Build.0 = Release|Any CPU
	EndGlobalSection
	GlobalSection(SolutionProperties) = preSolution
		HideSolutionNode = FALSE
	EndGlobalSection
	GlobalSection(ExtensibilityGlobals) = postSolution
		SolutionGuid = {7B6DDEF6-C227-45A4-9406-082964EBA435}
	EndGlobalSection
EndGlobal
